lockfileVersion: '9.0'

settings:
  autoInstallPeers: true
  excludeLinksFromLockfile: false

importers:

  .:
    devDependencies:
      katex:
        specifier: 0.19.0
        version: 0.19.0
      marked:
        specifier: 18.1.0
        version: 18.1.0

packages:

  commander@15.0.0:
    resolution: {integrity: sha512-z67u4ZhzCL/Tydu1lJARtEZYWbWaN7oYLHbsuzocr6y4N6WZAagG3RQ4FW61V1/0+jImpj293XfrcYnd1qxtPg==}
    engines: {node: '>=22.12.0'}

  katex@0.19.0:
    resolution: {integrity: sha512-v6Tznz3zJ7u3niRCoDTsumM2+HA2XXcCu+WAacCeHD2z3p9A9Ks987o5FzfTGBN0e8A0vjEgIDvLbICrXpdw/Q==}
    hasBin: true

  marked@18.1.0:
    resolution: {integrity: sha512-PamYXWWWg2nboG3oX5Ffzpy3EFZROqZJK9hSlMmUnekp7TxPs5DcT95vwd46m73/exfKCRVMtgXoPMI4FEJL6w==}
    engines: {node: '>= 20'}
    hasBin: true

snapshots:

  commander@15.0.0: {}

  katex@0.19.0:
    dependencies:
      commander: 15.0.0

  marked@18.1.0: {}
